
Microsoft Visual Studio Solution File, Format Version 12.00
# Visual Studio Version 16
VisualStudioVersion = 16.0.810.14
MinimumVisualStudioVersion = 10.0.40219.1
Project("{FAE04EC0-301F-11D3-BF4B-00C04F79EFBC}") = "PlaywrightDotnetTests", "PlaywrightDotnetTests.csproj", "{DAF08465-4D94-4B65-AB98-C0965E732F81}"
EndProject
Global
	GlobalSection(SolutionConfigurationPlatforms) = preSolution
		Debug|Any CPU = Debug|Any CPU
		Release|Any CPU = Release|Any CPU
	EndGlobalSection
	GlobalSection(ProjectConfigurationPlatforms) = postSolution
		{DAF08465-4D94-4B65-AB98-C0965E732F81}.Debug|Any CPU.ActiveCfg = Debug|Any CPU
		{DAF08465-4D94-4B65-AB98-C0965E732F81}.Debug|Any CPU.Build.0 = Debug|Any CPU
		{DAF08465-4D94-4B65-AB98-C0965E732F81}.Release|Any CPU.ActiveCfg = Release|Any CPU
		{DAF08465-4D94-4B65-AB98-C0965E732F81}.Release|Any CPU.Build.0 = Release|Any CPU
	EndGlobalSection
	GlobalSection(SolutionProperties) = preSolution
		HideSolutionNode = FALSE
	EndGlobalSection
	GlobalSection(ExtensibilityGlobals) = postSolution
		SolutionGuid = {7FAE2CF5-37B9-4938-B8F6-00B4DD9EFE94}
	EndGlobalSection
EndGlobal
